
Microsoft Visual Studio Solution File, Format Version 12.00
# Visual Studio Version 16
VisualStudioVersion = 16.0.29209.62
MinimumVisualStudioVersion = 10.0.40219.1
Project("{FAE04EC0-301F-11D3-BF4B-00C04F79EFBC}") = "VisualizationHeapsort", "VisualizationHeapsort\VisualizationHeapsort.csproj", "{05D2D7DC-E084-4958-956A-5A82FE3083FE}"
EndProject
Global
	GlobalSection(SolutionConfigurationPlatforms) = preSolution
		Debug|Any CPU = Debug|Any CPU
		Release|Any CPU = Release|Any CPU
	EndGlobalSection
	GlobalSection(ProjectConfigurationPlatforms) = postSolution
		{05D2D7DC-E084-4958-956A-5A82FE3083FE}.Debug|Any CPU.ActiveCfg = Debug|Any CPU
		{05D2D7DC-E084-4958-956A-5A82FE3083FE}.Debug|Any CPU.Build.0 = Debug|Any CPU
		{05D2D7DC-E084-4958-956A-5A82FE3083FE}.Release|Any CPU.ActiveCfg = Release|Any CPU
		{05D2D7DC-E084-4958-956A-5A82FE3083FE}.Release|Any CPU.Build.0 = Release|Any CPU
	EndGlobalSection
	GlobalSection(SolutionProperties) = preSolution
		HideSolutionNode = FALSE
	EndGlobalSection
	GlobalSection(ExtensibilityGlobals) = postSolution
		SolutionGuid = {457B69F8-E417-4BFD-8ED4-CDCFECB782FE}
	EndGlobalSection
EndGlobal
